// !$*UTF8*$!
{
	archiveVersion = 1;
	classes = {
	};
	objectVersion = 56;
	objects = {

/* Begin PBXBuildFile section */
		DAC6EEAE2A10D59D0018A3AB /* CalculatorApp.swift in Sources */ = {isa = PBXBuildFile; fileRef = DAC6EEAD2A10D59D0018A3AB /* CalculatorApp.swift */; };
		DAC6EEB22A10D59F0018A3AB /* Assets.xcassets in Resources */ = {isa = PBXBuildFile; fileRef = DAC6EEB12A10D59F0018A3AB /* Assets.xcassets */; };
		DAC6EEB52A10D59F0018A3AB /* Preview Assets.xcassets in Resources */ = {isa = PBXBuildFile; fileRef = DAC6EEB42A10D59F0018A3AB /* Preview Assets.xcassets */; };
		DAC6EEBF2A10D59F0018A3AB /* CalculatorAppTests.swift in Sources */ = {isa = PBXBuildFile; fileRef = DAC6EEBE2A10D59F0018A3AB /* CalculatorAppTests.swift */; };
		DAC6EEC92A10D59F0018A3AB /* CalculatorAppUITests.swift in Sources */ = {isa = PBXBuildFile; fileRef = DAC6EEC82A10D59F0018A3AB /* CalculatorAppUITests.swift */; };
		DAC6EECB2A10D59F0018A3AB /* CalculatorAppUITestsLaunchTests.swift in Sources */ = {isa = PBXBuildFile; fileRef = DAC6EECA2A10D59F0018A3AB /* CalculatorAppUITestsLaunchTests.swift */; };
		DAC6EED82A10D6AD0018A3AB /* CalculatorView.swift in Sources */ = {isa = PBXBuildFile; fileRef = DAC6EED72A10D6AD0018A3AB /* CalculatorView.swift */; };
		DAC6EEDA2A10DAD40018A3AB /* ButtonType.swift in Sources */ = {isa = PBXBuildFile; fileRef = DAC6EED92A10DAD40018A3AB /* ButtonType.swift */; };
		DAC6EEDE2A10DBB00018A3AB /* Digit.swift in Sources */ = {isa = PBXBuildFile; fileRef = DAC6EEDD2A10DBB00018A3AB /* Digit.swift */; };
		DAC6EEE02A10DC030018A3AB /* ArithmeticOperation.swift in Sources */ = {isa = PBXBuildFile; fileRef = DAC6EEDF2A10DC030018A3AB /* ArithmeticOperation.swift */; };
/* End PBXBuildFile section */

/* Begin PBXContainerItemProxy section */
		DAC6EEBB2A10D59F0018A3AB /* PBXContainerItemProxy */ = {
			isa = PBXContainerItemProxy;
			containerPortal = DAC6EEA22A10D59D0018A3AB /* Project object */;
			proxyType = 1;
			remoteGlobalIDString = DAC6EEA92A10D59D0018A3AB;
			remoteInfo = CalculatorApp;
		};
		DAC6EEC52A10D59F0018A3AB /* PBXContainerItemProxy */ = {
			isa = PBXContainerItemProxy;
			containerPortal = DAC6EEA22A10D59D0018A3AB /* Project object */;
			proxyType = 1;
			remoteGlobalIDString = DAC6EEA92A10D59D0018A3AB;
			remoteInfo = CalculatorApp;
		};
/* End PBXContainerItemProxy section */

/* Begin PBXFileReference section */
		DAC6EEAA2A10D59D0018A3AB /* Calculator.app */ = {isa = PBXFileReference; explicitFileType = wrapper.application; includeInIndex = 0; path = Calculator.app; sourceTree = BUILT_PRODUCTS_DIR; };
		DAC6EEAD2A10D59D0018A3AB /* CalculatorApp.swift */ = {isa = PBXFileReference; lastKnownFileType = sourcecode.swift; path = CalculatorApp.swift; sourceTree = "<group>"; };
		DAC6EEB12A10D59F0018A3AB /* Assets.xcassets */ = {isa = PBXFileReference; lastKnownFileType = folder.assetcatalog; path = Assets.xcassets; sourceTree = "<group>"; };
		DAC6EEB42A10D59F0018A3AB /* Preview Assets.xcassets */ = {isa = PBXFileReference; lastKnownFileType = folder.assetcatalog; path = "Preview Assets.xcassets"; sourceTree = "<group>"; };
		DAC6EEBA2A10D59F0018A3AB /* CalculatorTests.xctest */ = {isa = PBXFileReference; explicitFileType = wrapper.cfbundle; includeInIndex = 0; path = CalculatorTests.xctest; sourceTree = BUILT_PRODUCTS_DIR; };
		DAC6EEBE2A10D59F0018A3AB /* CalculatorAppTests.swift */ = {isa = PBXFileReference; lastKnownFileType = sourcecode.swift; path = CalculatorAppTests.swift; sourceTree = "<group>"; };
		DAC6EEC42A10D59F0018A3AB /* CalculatorUITests.xctest */ = {isa = PBXFileReference; explicitFileType = wrapper.cfbundle; includeInIndex = 0; path = CalculatorUITests.xctest; sourceTree = BUILT_PRODUCTS_DIR; };
		DAC6EEC82A10D59F0018A3AB /* CalculatorAppUITests.swift */ = {isa = PBXFileReference; lastKnownFileType = sourcecode.swift; path = CalculatorAppUITests.swift; sourceTree = "<group>"; };
		DAC6EECA2A10D59F0018A3AB /* CalculatorAppUITestsLaunchTests.swift */ = {isa = PBXFileReference; lastKnownFileType = sourcecode.swift; path = CalculatorAppUITestsLaunchTests.swift; sourceTree = "<group>"; };
		DAC6EED72A10D6AD0018A3AB /* CalculatorView.swift */ = {isa = PBXFileReference; lastKnownFileType = sourcecode.swift; path = CalculatorView.swift; sourceTree = "<group>"; };
		DAC6EED92A10DAD40018A3AB /* ButtonType.swift */ = {isa = PBXFileReference; lastKnownFileType = sourcecode.swift; path = ButtonType.swift; sourceTree = "<group>"; };
		DAC6EEDD2A10DBB00018A3AB /* Digit.swift */ = {isa = PBXFileReference; lastKnownFileType = sourcecode.swift; path = Digit.swift; sourceTree = "<group>"; };
		DAC6EEDF2A10DC030018A3AB /* ArithmeticOperation.swift */ = {isa = PBXFileReference; lastKnownFileType = sourcecode.swift; path = ArithmeticOperation.swift; sourceTree = "<group>"; };
/* End PBXFileReference section */

/* Begin PBXFrameworksBuildPhase section */
		DAC6EEA72A10D59D0018A3AB /* Frameworks */ = {
			isa = PBXFrameworksBuildPhase;
			buildActionMask = 2147483647;
			files = (
			);
			runOnlyForDeploymentPostprocessing = 0;
		};
		DAC6EEB72A10D59F0018A3AB /* Frameworks */ = {
			isa = PBXFrameworksBuildPhase;
			buildActionMask = 2147483647;
			files = (
			);
			runOnlyForDeploymentPostprocessing = 0;
		};
		DAC6EEC12A10D59F0018A3AB /* Frameworks */ = {
			isa = PBXFrameworksBuildPhase;
			buildActionMask = 2147483647;
			files = (
			);
			runOnlyForDeploymentPostprocessing = 0;
		};
/* End PBXFrameworksBuildPhase section */

/* Begin PBXGroup section */
		DAC6EEA12A10D59D0018A3AB = {
			isa = PBXGroup;
			children = (
				DAC6EEAC2A10D59D0018A3AB /* CalculatorApp */,
				DAC6EEBD2A10D59F0018A3AB /* CalculatorAppTests */,
				DAC6EEC72A10D59F0018A3AB /* CalculatorAppUITests */,
				DAC6EEAB2A10D59D0018A3AB /* Products */,
			);
			sourceTree = "<group>";
		};
		DAC6EEAB2A10D59D0018A3AB /* Products */ = {
			isa = PBXGroup;
			children = (
				DAC6EEAA2A10D59D0018A3AB /* Calculator.app */,
				DAC6EEBA2A10D59F0018A3AB /* CalculatorTests.xctest */,
				DAC6EEC42A10D59F0018A3AB /* CalculatorUITests.xctest */,
			);
			name = Products;
			sourceTree = "<group>";
		};
		DAC6EEAC2A10D59D0018A3AB /* CalculatorApp */ = {
			isa = PBXGroup;
			children = (
				DAC6EEAD2A10D59D0018A3AB /* CalculatorApp.swift */,
				DAC6EEDB2A10DB5F0018A3AB /* Views */,
				DAC6EEDC2A10DB6F0018A3AB /* Models */,
				DAC6EEB12A10D59F0018A3AB /* Assets.xcassets */,
				DAC6EEB32A10D59F0018A3AB /* Preview Content */,
			);
			path = CalculatorApp;
			sourceTree = "<group>";
		};
		DAC6EEB32A10D59F0018A3AB /* Preview Content */ = {
			isa = PBXGroup;
			children = (
				DAC6EEB42A10D59F0018A3AB /* Preview Assets.xcassets */,
			);
			path = "Preview Content";
			sourceTree = "<group>";
		};
		DAC6EEBD2A10D59F0018A3AB /* CalculatorAppTests */ = {
			isa = PBXGroup;
			children = (
				DAC6EEBE2A10D59F0018A3AB /* CalculatorAppTests.swift */,
			);
			path = CalculatorAppTests;
			sourceTree = "<group>";
		};
		DAC6EEC72A10D59F0018A3AB /* CalculatorAppUITests */ = {
			isa = PBXGroup;
			children = (
				DAC6EEC82A10D59F0018A3AB /* CalculatorAppUITests.swift */,
				DAC6EECA2A10D59F0018A3AB /* CalculatorAppUITestsLaunchTests.swift */,
			);
			path = CalculatorAppUITests;
			sourceTree = "<group>";
		};
		DAC6EEDB2A10DB5F0018A3AB /* Views */ = {
			isa = PBXGroup;
			children = (
				DAC6EED72A10D6AD0018A3AB /* CalculatorView.swift */,
			);
			path = Views;
			sourceTree = "<group>";
		};
		DAC6EEDC2A10DB6F0018A3AB /* Models */ = {
			isa = PBXGroup;
			children = (
				DAC6EED92A10DAD40018A3AB /* ButtonType.swift */,
				DAC6EEDD2A10DBB00018A3AB /* Digit.swift */,
				DAC6EEDF2A10DC030018A3AB /* ArithmeticOperation.swift */,
			);
			path = Models;
			sourceTree = "<group>";
		};
/* End PBXGroup section */

/* Begin PBXNativeTarget section */
		DAC6EEA92A10D59D0018A3AB /* Calculator */ = {
			isa = PBXNativeTarget;
			buildConfigurationList = DAC6EECE2A10D59F0018A3AB /* Build configuration list for PBXNativeTarget "Calculator" */;
			buildPhases = (
				DAC6EEA62A10D59D0018A3AB /* Sources */,
				DAC6EEA72A10D59D0018A3AB /* Frameworks */,
				DAC6EEA82A10D59D0018A3AB /* Resources */,
			);
			buildRules = (
			);
			dependencies = (
			);
			name = Calculator;
			productName = CalculatorApp;
			productReference = DAC6EEAA2A10D59D0018A3AB /* Calculator.app */;
			productType = "com.apple.product-type.application";
		};
		DAC6EEB92A10D59F0018A3AB /* CalculatorTests */ = {
			isa = PBXNativeTarget;
			buildConfigurationList = DAC6EED12A10D59F0018A3AB /* Build configuration list for PBXNativeTarget "CalculatorTests" */;
			buildPhases = (
				DAC6EEB62A10D59F0018A3AB /* Sources */,
				DAC6EEB72A10D59F0018A3AB /* Frameworks */,
				DAC6EEB82A10D59F0018A3AB /* Resources */,
			);
			buildRules = (
			);
			dependencies = (
				DAC6EEBC2A10D59F0018A3AB /* PBXTargetDependency */,
			);
			name = CalculatorTests;
			productName = CalculatorAppTests;
			productReference = DAC6EEBA2A10D59F0018A3AB /* CalculatorTests.xctest */;
			productType = "com.apple.product-type.bundle.unit-test";
		};
		DAC6EEC32A10D59F0018A3AB /* CalculatorUITests */ = {
			isa = PBXNativeTarget;
			buildConfigurationList = DAC6EED42A10D59F0018A3AB /* Build configuration list for PBXNativeTarget "CalculatorUITests" */;
			buildPhases = (
				DAC6EEC02A10D59F0018A3AB /* Sources */,
				DAC6EEC12A10D59F0018A3AB /* Frameworks */,
				DAC6EEC22A10D59F0018A3AB /* Resources */,
			);
			buildRules = (
			);
			dependencies = (
				DAC6EEC62A10D59F0018A3AB /* PBXTargetDependency */,
			);
			name = CalculatorUITests;
			productName = CalculatorAppUITests;
			productReference = DAC6EEC42A10D59F0018A3AB /* CalculatorUITests.xctest */;
			productType = "com.apple.product-type.bundle.ui-testing";
		};
/* End PBXNativeTarget section */

/* Begin PBXProject section */
		DAC6EEA22A10D59D0018A3AB /* Project object */ = {
			isa = PBXProject;
			attributes = {
				BuildIndependentTargetsInParallel = 1;
				LastSwiftUpdateCheck = 1400;
				LastUpgradeCheck = 1400;
				TargetAttributes = {
					DAC6EEA92A10D59D0018A3AB = {
						CreatedOnToolsVersion = 14.0;
					};
					DAC6EEB92A10D59F0018A3AB = {
						CreatedOnToolsVersion = 14.0;
						TestTargetID = DAC6EEA92A10D59D0018A3AB;
					};
					DAC6EEC32A10D59F0018A3AB = {
						CreatedOnToolsVersion = 14.0;
						TestTargetID = DAC6EEA92A10D59D0018A3AB;
					};
				};
			};
			buildConfigurationList = DAC6EEA52A10D59D0018A3AB /* Build configuration list for PBXProject "Calculator" */;
			compatibilityVersion = "Xcode 14.0";
			developmentRegion = en;
			hasScannedForEncodings = 0;
			knownRegions = (
				en,
				Base,
			);
			mainGroup = DAC6EEA12A10D59D0018A3AB;
			productRefGroup = DAC6EEAB2A10D59D0018A3AB /* Products */;
			projectDirPath = "";
			projectRoot = "";
			targets = (
				DAC6EEA92A10D59D0018A3AB /* Calculator */,
				DAC6EEB92A10D59F0018A3AB /* CalculatorTests */,
				DAC6EEC32A10D59F0018A3AB /* CalculatorUITests */,
			);
		};
/* End PBXProject section */

/* Begin PBXResourcesBuildPhase section */
		DAC6EEA82A10D59D0018A3AB /* Resources */ = {
			isa = PBXResourcesBuildPhase;
			buildActionMask = 2147483647;
			files = (
				DAC6EEB52A10D59F0018A3AB /* Preview Assets.xcassets in Resources */,
				DAC6EEB22A10D59F0018A3AB /* Assets.xcassets in Resources */,
			);
			runOnlyForDeploymentPostprocessing = 0;
		};
		DAC6EEB82A10D59F0018A3AB /* Resources */ = {
			isa = PBXResourcesBuildPhase;
			buildActionMask = 2147483647;
			files = (
			);
			runOnlyForDeploymentPostprocessing = 0;
		};
		DAC6EEC22A10D59F0018A3AB /* Resources */ = {
			isa = PBXResourcesBuildPhase;
			buildActionMask = 2147483647;
			files = (
			);
			runOnlyForDeploymentPostprocessing = 0;
		};
/* End PBXResourcesBuildPhase section */

/* Begin PBXSourcesBuildPhase section */
		DAC6EEA62A10D59D0018A3AB /* Sources */ = {
			isa = PBXSourcesBuildPhase;
			buildActionMask = 2147483647;
			files = (
				DAC6EEE02A10DC030018A3AB /* ArithmeticOperation.swift in Sources */,
				DAC6EED82A10D6AD0018A3AB /* CalculatorView.swift in Sources */,
				DAC6EEDA2A10DAD40018A3AB /* ButtonType.swift in Sources */,
				DAC6EEAE2A10D59D0018A3AB /* CalculatorApp.swift in Sources */,
				DAC6EEDE2A10DBB00018A3AB /* Digit.swift in Sources */,
			);
			runOnlyForDeploymentPostprocessing = 0;
		};
		DAC6EEB62A10D59F0018A3AB /* Sources */ = {
			isa = PBXSourcesBuildPhase;
			buildActionMask = 2147483647;
			files = (
				DAC6EEBF2A10D59F0018A3AB /* CalculatorAppTests.swift in Sources */,
			);
			runOnlyForDeploymentPostprocessing = 0;
		};
		DAC6EEC02A10D59F0018A3AB /* Sources */ = {
			isa = PBXSourcesBuildPhase;
			buildActionMask = 2147483647;
			files = (
				DAC6EECB2A10D59F0018A3AB /* CalculatorAppUITestsLaunchTests.swift in Sources */,
				DAC6EEC92A10D59F0018A3AB /* CalculatorAppUITests.swift in Sources */,
			);
			runOnlyForDeploymentPostprocessing = 0;
		};
/* End PBXSourcesBuildPhase section */

/* Begin PBXTargetDependency section */
		DAC6EEBC2A10D59F0018A3AB /* PBXTargetDependency */ = {
			isa = PBXTargetDependency;
			target = DAC6EEA92A10D59D0018A3AB /* Calculator */;
			targetProxy = DAC6EEBB2A10D59F0018A3AB /* PBXContainerItemProxy */;
		};
		DAC6EEC62A10D59F0018A3AB /* PBXTargetDependency */ = {
			isa = PBXTargetDependency;
			target = DAC6EEA92A10D59D0018A3AB /* Calculator */;
			targetProxy = DAC6EEC52A10D59F0018A3AB /* PBXContainerItemProxy */;
		};
/* End PBXTargetDependency section */

/* Begin XCBuildConfiguration section */
		DAC6EECC2A10D59F0018A3AB /* Debug */ = {
			isa = XCBuildConfiguration;
			buildSettings = {
				ALWAYS_SEARCH_USER_PATHS = NO;
				CLANG_ANALYZER_NONNULL = YES;
				CLANG_ANALYZER_NUMBER_OBJECT_CONVERSION = YES_AGGRESSIVE;
				CLANG_CXX_LANGUAGE_STANDARD = "gnu++20";
				CLANG_ENABLE_MODULES = YES;
				CLANG_ENABLE_OBJC_ARC = YES;
				CLANG_ENABLE_OBJC_WEAK = YES;
				CLANG_WARN_BLOCK_CAPTURE_AUTORELEASING = YES;
				CLANG_WARN_BOOL_CONVERSION = YES;
				CLANG_WARN_COMMA = YES;
				CLANG_WARN_CONSTANT_CONVERSION = YES;
				CLANG_WARN_DEPRECATED_OBJC_IMPLEMENTATIONS = YES;
				CLANG_WARN_DIRECT_OBJC_ISA_USAGE = YES_ERROR;
				CLANG_WARN_DOCUMENTATION_COMMENTS = YES;
				CLANG_WARN_EMPTY_BODY = YES;
				CLANG_WARN_ENUM_CONVERSION = YES;
				CLANG_WARN_INFINITE_RECURSION = YES;
				CLANG_WARN_INT_CONVERSION = YES;
				CLANG_WARN_NON_LITERAL_NULL_CONVERSION = YES;
				CLANG_WARN_OBJC_IMPLICIT_RETAIN_SELF = YES;
				CLANG_WARN_OBJC_LITERAL_CONVERSION = YES;
				CLANG_WARN_OBJC_ROOT_CLASS = YES_ERROR;
				CLANG_WARN_QUOTED_INCLUDE_IN_FRAMEWORK_HEADER = YES;
				CLANG_WARN_RANGE_LOOP_ANALYSIS = YES;
				CLANG_WARN_STRICT_PROTOTYPES = YES;
				CLANG_WARN_SUSPICIOUS_MOVE = YES;
				CLANG_WARN_UNGUARDED_AVAILABILITY = YES_AGGRESSIVE;
				CLANG_WARN_UNREACHABLE_CODE = YES;
				CLANG_WARN__DUPLICATE_METHOD_MATCH = YES;
				COPY_PHASE_STRIP = NO;
				DEBUG_INFORMATION_FORMAT = dwarf;
				ENABLE_STRICT_OBJC_MSGSEND = YES;
				ENABLE_TESTABILITY = YES;
				GCC_C_LANGUAGE_STANDARD = gnu11;
				GCC_DYNAMIC_NO_PIC = NO;
				GCC_NO_COMMON_BLOCKS = YES;
				GCC_OPTIMIZATION_LEVEL = 0;
				GCC_PREPROCESSOR_DEFINITIONS = (
					"DEBUG=1",
					"$(inherited)",
				);
				GCC_WARN_64_TO_32_BIT_CONVERSION = YES;
				GCC_WARN_ABOUT_RETURN_TYPE = YES_ERROR;
				GCC_WARN_UNDECLARED_SELECTOR = YES;
				GCC_WARN_UNINITIALIZED_AUTOS = YES_AGGRESSIVE;
				GCC_WARN_UNUSED_FUNCTION = YES;
				GCC_WARN_UNUSED_VARIABLE = YES;
				IPHONEOS_DEPLOYMENT_TARGET = 16.0;
				MTL_ENABLE_DEBUG_INFO = INCLUDE_SOURCE;
				MTL_FAST_MATH = YES;
				ONLY_ACTIVE_ARCH = YES;
				SDKROOT = iphoneos;
				SWIFT_ACTIVE_COMPILATION_CONDITIONS = DEBUG;
				SWIFT_OPTIMIZATION_LEVEL = "-Onone";
			};
			name = Debug;
		};
		DAC6EECD2A10D59F0018A3AB /* Release */ = {
			isa = XCBuildConfiguration;
			buildSettings = {
				ALWAYS_SEARCH_USER_PATHS = NO;
				CLANG_ANALYZER_NONNULL = YES;
				CLANG_ANALYZER_NUMBER_OBJECT_CONVERSION = YES_AGGRESSIVE;
				CLANG_CXX_LANGUAGE_STANDARD = "gnu++20";
				CLANG_ENABLE_MODULES = YES;
				CLANG_ENABLE_OBJC_ARC = YES;
				CLANG_ENABLE_OBJC_WEAK = YES;
				CLANG_WARN_BLOCK_CAPTURE_AUTORELEASING = YES;
				CLANG_WARN_BOOL_CONVERSION = YES;
				CLANG_WARN_COMMA = YES;
				CLANG_WARN_CONSTANT_CONVERSION = YES;
				CLANG_WARN_DEPRECATED_OBJC_IMPLEMENTATIONS = YES;
				CLANG_WARN_DIRECT_OBJC_ISA_USAGE = YES_ERROR;
				CLANG_WARN_DOCUMENTATION_COMMENTS = YES;
				CLANG_WARN_EMPTY_BODY = YES;
				CLANG_WARN_ENUM_CONVERSION = YES;
				CLANG_WARN_INFINITE_RECURSION = YES;
				CLANG_WARN_INT_CONVERSION = YES;
				CLANG_WARN_NON_LITERAL_NULL_CONVERSION = YES;
				CLANG_WARN_OBJC_IMPLICIT_RETAIN_SELF = YES;
				CLANG_WARN_OBJC_LITERAL_CONVERSION = YES;
				CLANG_WARN_OBJC_ROOT_CLASS = YES_ERROR;
				CLANG_WARN_QUOTED_INCLUDE_IN_FRAMEWORK_HEADER = YES;
				CLANG_WARN_RANGE_LOOP_ANALYSIS = YES;
				CLANG_WARN_STRICT_PROTOTYPES = YES;
				CLANG_WARN_SUSPICIOUS_MOVE = YES;
				CLANG_WARN_UNGUARDED_AVAILABILITY = YES_AGGRESSIVE;
				CLANG_WARN_UNREACHABLE_CODE = YES;
				CLANG_WARN__DUPLICATE_METHOD_MATCH = YES;
				COPY_PHASE_STRIP = NO;
				DEBUG_INFORMATION_FORMAT = "dwarf-with-dsym";
				ENABLE_NS_ASSERTIONS = NO;
				ENABLE_STRICT_OBJC_MSGSEND = YES;
				GCC_C_LANGUAGE_STANDARD = gnu11;
				GCC_NO_COMMON_BLOCKS = YES;
				GCC_WARN_64_TO_32_BIT_CONVERSION = YES;
				GCC_WARN_ABOUT_RETURN_TYPE = YES_ERROR;
				GCC_WARN_UNDECLARED_SELECTOR = YES;
				GCC_WARN_UNINITIALIZED_AUTOS = YES_AGGRESSIVE;
				GCC_WARN_UNUSED_FUNCTION = YES;
				GCC_WARN_UNUSED_VARIABLE = YES;
				IPHONEOS_DEPLOYMENT_TARGET = 16.0;
				MTL_ENABLE_DEBUG_INFO = NO;
				MTL_FAST_MATH = YES;
				SDKROOT = iphoneos;
				SWIFT_COMPILATION_MODE = wholemodule;
				SWIFT_OPTIMIZATION_LEVEL = "-O";
				VALIDATE_PRODUCT = YES;
			};
			name = Release;
		};
		DAC6EECF2A10D59F0018A3AB /* Debug */ = {
			isa = XCBuildConfiguration;
			buildSettings = {
				ASSETCATALOG_COMPILER_APPICON_NAME = AppIcon;
				ASSETCATALOG_COMPILER_GLOBAL_ACCENT_COLOR_NAME = AccentColor;
				CODE_SIGN_STYLE = Automatic;
				CURRENT_PROJECT_VERSION = 1;
				DEVELOPMENT_ASSET_PATHS = "\"CalculatorApp/Preview Content\"";
				DEVELOPMENT_TEAM = 5S3VT2JW8J;
				ENABLE_PREVIEWS = YES;
				GENERATE_INFOPLIST_FILE = YES;
				INFOPLIST_KEY_UIApplicationSceneManifest_Generation = YES;
				INFOPLIST_KEY_UIApplicationSupportsIndirectInputEvents = YES;
				INFOPLIST_KEY_UILaunchScreen_Generation = YES;
				INFOPLIST_KEY_UISupportedInterfaceOrientations_iPad = "UIInterfaceOrientationPortrait UIInterfaceOrientationPortraitUpsideDown UIInterfaceOrientationLandscapeLeft UIInterfaceOrientationLandscapeRight";
				INFOPLIST_KEY_UISupportedInterfaceOrientations_iPhone = "UIInterfaceOrientationPortrait UIInterfaceOrientationLandscapeLeft UIInterfaceOrientationLandscapeRight";
				LD_RUNPATH_SEARCH_PATHS = (
					"$(inherited)",
					"@executable_path/Frameworks",
				);
				MARKETING_VERSION = 1.0;
				PRODUCT_BUNDLE_IDENTIFIER = com.fredy.personal.CalculatorApp;
				PRODUCT_NAME = "$(TARGET_NAME)";
				SWIFT_EMIT_LOC_STRINGS = YES;
				SWIFT_VERSION = 5.0;
				TARGETED_DEVICE_FAMILY = "1,2";
			};
			name = Debug;
		};
		DAC6EED02A10D59F0018A3AB /* Release */ = {
			isa = XCBuildConfiguration;
			buildSettings = {
				ASSETCATALOG_COMPILER_APPICON_NAME = AppIcon;
				ASSETCATALOG_COMPILER_GLOBAL_ACCENT_COLOR_NAME = AccentColor;
				CODE_SIGN_STYLE = Automatic;
				CURRENT_PROJECT_VERSION = 1;
				DEVELOPMENT_ASSET_PATHS = "\"CalculatorApp/Preview Content\"";
				DEVELOPMENT_TEAM = 5S3VT2JW8J;
				ENABLE_PREVIEWS = YES;
				GENERATE_INFOPLIST_FILE = YES;
				INFOPLIST_KEY_UIApplicationSceneManifest_Generation = YES;
				INFOPLIST_KEY_UIApplicationSupportsIndirectInputEvents = YES;
				INFOPLIST_KEY_UILaunchScreen_Generation = YES;
				INFOPLIST_KEY_UISupportedInterfaceOrientations_iPad = "UIInterfaceOrientationPortrait UIInterfaceOrientationPortraitUpsideDown UIInterfaceOrientationLandscapeLeft UIInterfaceOrientationLandscapeRight";
				INFOPLIST_KEY_UISupportedInterfaceOrientations_iPhone = "UIInterfaceOrientationPortrait UIInterfaceOrientationLandscapeLeft UIInterfaceOrientationLandscapeRight";
				LD_RUNPATH_SEARCH_PATHS = (
					"$(inherited)",
					"@executable_path/Frameworks",
				);
				MARKETING_VERSION = 1.0;
				PRODUCT_BUNDLE_IDENTIFIER = com.fredy.personal.CalculatorApp;
				PRODUCT_NAME = "$(TARGET_NAME)";
				SWIFT_EMIT_LOC_STRINGS = YES;
				SWIFT_VERSION = 5.0;
				TARGETED_DEVICE_FAMILY = "1,2";
			};
			name = Release;
		};
		DAC6EED22A10D59F0018A3AB /* Debug */ = {
			isa = XCBuildConfiguration;
			buildSettings = {
				ALWAYS_EMBED_SWIFT_STANDARD_LIBRARIES = YES;
				BUNDLE_LOADER = "$(TEST_HOST)";
				CODE_SIGN_STYLE = Automatic;
				CURRENT_PROJECT_VERSION = 1;
				DEVELOPMENT_TEAM = 5S3VT2JW8J;
				GENERATE_INFOPLIST_FILE = YES;
				IPHONEOS_DEPLOYMENT_TARGET = 16.0;
				MARKETING_VERSION = 1.0;
				PRODUCT_BUNDLE_IDENTIFIER = com.fredy.personal.CalculatorAppTests;
				PRODUCT_NAME = "$(TARGET_NAME)";
				SWIFT_EMIT_LOC_STRINGS = NO;
				SWIFT_VERSION = 5.0;
				TARGETED_DEVICE_FAMILY = "1,2";
				TEST_HOST = "$(BUILT_PRODUCTS_DIR)/Calculator.app/$(BUNDLE_EXECUTABLE_FOLDER_PATH)/Calculator";
			};
			name = Debug;
		};
		DAC6EED32A10D59F0018A3AB /* Release */ = {
			isa = XCBuildConfiguration;
			buildSettings = {
				ALWAYS_EMBED_SWIFT_STANDARD_LIBRARIES = YES;
				BUNDLE_LOADER = "$(TEST_HOST)";
				CODE_SIGN_STYLE = Automatic;
				CURRENT_PROJECT_VERSION = 1;
				DEVELOPMENT_TEAM = 5S3VT2JW8J;
				GENERATE_INFOPLIST_FILE = YES;
				IPHONEOS_DEPLOYMENT_TARGET = 16.0;
				MARKETING_VERSION = 1.0;
				PRODUCT_BUNDLE_IDENTIFIER = com.fredy.personal.CalculatorAppTests;
				PRODUCT_NAME = "$(TARGET_NAME)";
				SWIFT_EMIT_LOC_STRINGS = NO;
				SWIFT_VERSION = 5.0;
				TARGETED_DEVICE_FAMILY = "1,2";
				TEST_HOST = "$(BUILT_PRODUCTS_DIR)/Calculator.app/$(BUNDLE_EXECUTABLE_FOLDER_PATH)/Calculator";
			};
			name = Release;
		};
		DAC6EED52A10D59F0018A3AB /* Debug */ = {
			isa = XCBuildConfiguration;
			buildSettings = {
				ALWAYS_EMBED_SWIFT_STANDARD_LIBRARIES = YES;
				CODE_SIGN_STYLE = Automatic;
				CURRENT_PROJECT_VERSION = 1;
				DEVELOPMENT_TEAM = 5S3VT2JW8J;
				GENERATE_INFOPLIST_FILE = YES;
				MARKETING_VERSION = 1.0;
				PRODUCT_BUNDLE_IDENTIFIER = com.fredy.personal.CalculatorAppUITests;
				PRODUCT_NAME = "$(TARGET_NAME)";
				SWIFT_EMIT_LOC_STRINGS = NO;
				SWIFT_VERSION = 5.0;
				TARGETED_DEVICE_FAMILY = "1,2";
				TEST_TARGET_NAME = CalculatorApp;
			};
			name = Debug;
		};
		DAC6EED62A10D59F0018A3AB /* Release */ = {
			isa = XCBuildConfiguration;
			buildSettings = {
				ALWAYS_EMBED_SWIFT_STANDARD_LIBRARIES = YES;
				CODE_SIGN_STYLE = Automatic;
				CURRENT_PROJECT_VERSION = 1;
				DEVELOPMENT_TEAM = 5S3VT2JW8J;
				GENERATE_INFOPLIST_FILE = YES;
				MARKETING_VERSION = 1.0;
				PRODUCT_BUNDLE_IDENTIFIER = com.fredy.personal.CalculatorAppUITests;
				PRODUCT_NAME = "$(TARGET_NAME)";
				SWIFT_EMIT_LOC_STRINGS = NO;
				SWIFT_VERSION = 5.0;
				TARGETED_DEVICE_FAMILY = "1,2";
				TEST_TARGET_NAME = CalculatorApp;
			};
			name = Release;
		};
/* End XCBuildConfiguration section */

/* Begin XCConfigurationList section */
		DAC6EEA52A10D59D0018A3AB /* Build configuration list for PBXProject "Calculator" */ = {
			isa = XCConfigurationList;
			buildConfigurations = (
				DAC6EECC2A10D59F0018A3AB /* Debug */,
				DAC6EECD2A10D59F0018A3AB /* Release */,
			);
			defaultConfigurationIsVisible = 0;
			defaultConfigurationName = Release;
		};
		DAC6EECE2A10D59F0018A3AB /* Build configuration list for PBXNativeTarget "Calculator" */ = {
			isa = XCConfigurationList;
			buildConfigurations = (
				DAC6EECF2A10D59F0018A3AB /* Debug */,
				DAC6EED02A10D59F0018A3AB /* Release */,
			);
			defaultConfigurationIsVisible = 0;
			defaultConfigurationName = Release;
		};
		DAC6EED12A10D59F0018A3AB /* Build configuration list for PBXNativeTarget "CalculatorTests" */ = {
			isa = XCConfigurationList;
			buildConfigurations = (
				DAC6EED22A10D59F0018A3AB /* Debug */,
				DAC6EED32A10D59F0018A3AB /* Release */,
			);
			defaultConfigurationIsVisible = 0;
			defaultConfigurationName = Release;
		};
		DAC6EED42A10D59F0018A3AB /* Build configuration list for PBXNativeTarget "CalculatorUITests" */ = {
			isa = XCConfigurationList;
			buildConfigurations = (
				DAC6EED52A10D59F0018A3AB /* Debug */,
				DAC6EED62A10D59F0018A3AB /* Release */,
			);
			defaultConfigurationIsVisible = 0;
			defaultConfigurationName = Release;
		};
/* End XCConfigurationList section */
	};
	rootObject = DAC6EEA22A10D59D0018A3AB /* Project object */;
}
